
Microsoft Visual Studio Solution File, Format Version 12.00
# Visual Studio Version 17
VisualStudioVersion = 17.5.33516.290
MinimumVisualStudioVersion = 10.0.40219.1
Project("{FAE04EC0-301F-11D3-BF4B-00C04F79EFBC}") = "QLThuVien", "QLThuVien\QLThuVien.csproj", "{AD50C45F-6DDA-4404-A5FB-C27C98573D6A}"
EndProject
Global
	GlobalSection(SolutionConfigurationPlatforms) = preSolution
		Debug|Any CPU = Debug|Any CPU
		Release|Any CPU = Release|Any CPU
	EndGlobalSection
	GlobalSection(ProjectConfigurationPlatforms) = postSolution
		{AD50C45F-6DDA-4404-A5FB-C27C98573D6A}.Debug|Any CPU.ActiveCfg = Debug|Any CPU
		{AD50C45F-6DDA-4404-A5FB-C27C98573D6A}.Debug|Any CPU.Build.0 = Debug|Any CPU
		{AD50C45F-6DDA-4404-A5FB-C27C98573D6A}.Release|Any CPU.ActiveCfg = Release|Any CPU
		{AD50C45F-6DDA-4404-A5FB-C27C98573D6A}.Release|Any CPU.Build.0 = Release|Any CPU
	EndGlobalSection
	GlobalSection(SolutionProperties) = preSolution
		HideSolutionNode = FALSE
	EndGlobalSection
	GlobalSection(ExtensibilityGlobals) = postSolution
		SolutionGuid = {143FB1F9-4C4B-43ED-9583-832ECCE9C2D5}
	EndGlobalSection
EndGlobal
